<?xml version="1.0" encoding="utf-8"?>
<Project ToolsVersion="4.0" xmlns="http://schemas.microsoft.com/developer/msbuild/2003">
  <ItemGroup>
    <Filter Include="Source Files">
      <UniqueIdentifier>{4FC737F1-C7A5-4376-A066-2A32D752A2FF}</UniqueIdentifier>
      <Extensions>cpp;c;cc;cxx;c++;cppm;ixx;def;odl;idl;hpj;bat;asm;asmx</Extensions>
    </Filter>
    <Filter Include="Header Files">
      <UniqueIdentifier>{93995380-89BD-4b04-88EB-625FBE52EBFB}</UniqueIdentifier>
      <Extensions>h;hh;hpp;hxx;h++;hm;inl;inc;ipp;xsd</Extensions>
    </Filter>
    <Filter Include="Resource Files">
      <UniqueIdentifier>{67DA6AB6-F800-4c08-8B7A-83BB121AAD01}</UniqueIdentifier>
      <Extensions>rc;ico;cur;bmp;dlg;rc2;rct;bin;rgs;gif;jpg;jpeg;jpe;resx;tiff;tif;png;wav;mfcribbon-ms</Extensions>
    </Filter>
  </ItemGroup>
  <ItemGroup>
    <ClCompile Include="Boggle.cpp">
      <Filter>Source Files</Filter>
    </ClCompile>
    <ClCompile Include="Grid.cpp">
      <Filter>Source Files</Filter>
    </ClCompile>
    <ClCompile Include="checkWord.cpp">
      <Filter>Source Files</Filter>
    </ClCompile>
    <ClCompile Include="Scoring.cpp">
      <Filter>Source Files</Filter>
    </ClCompile>
    <ClCompile Include="RenderGrid.cpp">
      <Filter>Source Files</Filter>
    </ClCompile>
    <ClCompile Include="RenderTimer.cpp">
      <Filter>Source Files</Filter>
    </ClCompile>
    <ClCompile Include="RenderScore.cpp">
      <Filter>Source Files</Filter>
    </ClCompile>
    <ClCompile Include="Timer.cpp">
      <Filter>Source Files</Filter>
    </ClCompile>
    <ClCompile Include="RenderUsedWords.cpp">
      <Filter>Source Files</Filter>
    </ClCompile>
    <ClCompile Include="StoreUsedWords.cpp">
      <Filter>Source Files</Filter>
    </ClCompile>
    <ClCompile Include="SaveToFile.cpp">
      <Filter>Source Files</Filter>
    </ClCompile>
    <ClCompile Include="ReadSaveFile.cpp">
      <Filter>Source Files</Filter>
    </ClCompile>
    <ClCompile Include="RenderGame.cpp">
      <Filter>Source Files</Filter>
    </ClCompile>
    <ClCompile Include="RenderMenu.cpp">
      <Filter>Source Files</Filter>
    </ClCompile>
    <ClCompile Include="RenderGameOver.cpp">
      <Filter>Source Files</Filter>
    </ClCompile>
    <ClCompile Include="RenderInstructions.cpp">
      <Filter>Source Files</Filter>
    </ClCompile>
    <ClCompile Include="RenderSecret.cpp">
      <Filter>Source Files</Filter>
    </ClCompile>
    <ClCompile Include="RenderRestartOption.cpp">
      <Filter>Source Files</Filter>
    </ClCompile>
  </ItemGroup>
  <ItemGroup>
    <ClInclude Include="Grid.h">
      <Filter>Header Files</Filter>
    </ClInclude>
    <ClInclude Include="checkWord.h">
      <Filter>Header Files</Filter>
    </ClInclude>
    <ClInclude Include="Scoring.h">
      <Filter>Header Files</Filter>
    </ClInclude>
    <ClInclude Include="RenderGrid.h">
      <Filter>Header Files</Filter>
    </ClInclude>
    <ClInclude Include="RenderTimer.h">
      <Filter>Header Files</Filter>
    </ClInclude>
    <ClInclude Include="RenderScore.h">
      <Filter>Header Files</Filter>
    </ClInclude>
    <ClInclude Include="Timer.h">
      <Filter>Header Files</Filter>
    </ClInclude>
    <ClInclude Include="StoreUsedWords.h">
      <Filter>Header Files</Filter>
    </ClInclude>
    <ClInclude Include="RenderUsedWords.h">
      <Filter>Header Files</Filter>
    </ClInclude>
    <ClInclude Include="SaveToFile.h">
      <Filter>Header Files</Filter>
    </ClInclude>
    <ClInclude Include="ReadSaveFile.h">
      <Filter>Header Files</Filter>
    </ClInclude>
    <ClInclude Include="RenderGame.h">
      <Filter>Header Files</Filter>
    </ClInclude>
    <ClInclude Include="RenderMenu.h">
      <Filter>Header Files</Filter>
    </ClInclude>
    <ClInclude Include="RenderGameOver.h">
      <Filter>Header Files</Filter>
    </ClInclude>
    <ClInclude Include="RenderInstructions.h">
      <Filter>Header Files</Filter>
    </ClInclude>
    <ClInclude Include="RenderSecret.h">
      <Filter>Header Files</Filter>
    </ClInclude>
    <ClInclude Include="RenderRestartOption.h">
      <Filter>Header Files</Filter>
    </ClInclude>
  </ItemGroup>
</Project>